# THIS IS AN AUTOGENERATED FILE. DO NOT EDIT THIS FILE DIRECTLY.
# yarn lockfile v1


ws@^8.18.1:
  version "8.18.1"
  resolved "https://registry.yarnpkg.com/ws/-/ws-8.18.1.tgz#ea131d3784e1dfdff91adb0a4a116b127515e3cb"
  integrity sha512-RKW2aJZMXeMxVpnZ6bck+RswznaxmzdULiBr6KY7XkTnW8uvt0iT9H5DkHUChXrc+uurzwa0rVI16n/Xzjdz1w==
